github.com/boltdb/bolt v1.3.1 h1:JQmyP4ZBrce+ZQu0dY660FMfatumYDLun9hBCUVIkF4=
github.com/boltdb/bolt v1.3.1/go.mod h1:clJnj/oiGkjum5o1McbSZDSLxVThjynRyGBgiAx27Ps=
github.com/rapidloop/skv v0.0.0-20180909015525-9def2caac4cc h1:eXQoy66wUI9meNnIdKYJ+EV/Tq3LvXeUe95AB2dPk8g=
github.com/rapidloop/skv v0.0.0-20180909015525-9def2caac4cc/go.mod h1:V5hvlcTzUJ3MOo0fEolWR25CZBBsb7q3wWVAmBYwr54=
golang.org/x/sys v0.0.0-20210616094352-59db8d763f22 h1:RqytpXGR1iVNX7psjB3ff8y7sNFinVFvkx1c8SjBkio=
golang.org/x/sys v0.0.0-20210616094352-59db8d763f22/go.mod h1:oPkhp1MJrh7nUepCBck5+mAzfO9JrbApNNgaTdGDITg=
